
Microsoft Visual Studio Solution File, Format Version 12.00
# Visual Studio 2013
VisualStudioVersion = 12.0.40629.0
MinimumVisualStudioVersion = 10.0.40219.1
Project("{FAE04EC0-301F-11D3-BF4B-00C04F79EFBC}") = "Problem1BiggerNumber", "Problem1BiggerNumber\Problem1BiggerNumber.csproj", "{27AE8DF9-E83F-44A2-BD13-D9004C49A19F}"
EndProject
Project("{FAE04EC0-301F-11D3-BF4B-00C04F79EFBC}") = "Problem2LastDigitOfNumber", "Problem2LastDigitOfNumber\Problem2LastDigitOfNumber.csproj", "{9B32CC47-8D8A-4B7A-AF51-B22033258368}"
EndProject
Project("{FAE04EC0-301F-11D3-BF4B-00C04F79EFBC}") = "Problem3LargerThanNeighbours", "Problem3LargerThanNeighbours\Problem3LargerThanNeighbours.csproj", "{BBB03161-5F2A-477B-8D49-EB98433856D6}"
EndProject
Project("{FAE04EC0-301F-11D3-BF4B-00C04F79EFBC}") = "Problem4FirstLargerThanNeighbours", "Problem4FirstLargerThanNeighbours\Problem4FirstLargerThanNeighbours.csproj", "{24C3D777-8980-431B-9CE4-BDF41005B55C}"
EndProject
Project("{FAE04EC0-301F-11D3-BF4B-00C04F79EFBC}") = "Problem6NumberCalculations", "Problem6NumberCalculations\Problem6NumberCalculations.csproj", "{8AAD6441-419F-4433-894C-FCFC85B0FB5D}"
EndProject
Project("{FAE04EC0-301F-11D3-BF4B-00C04F79EFBC}") = "Problem5ReverseNumber", "Problem5ReverseNumber\Problem5ReverseNumber.csproj", "{DAF858D4-3AE6-43B7-B99E-F04DA0D1A76E}"
EndProject
Global
	GlobalSection(SolutionConfigurationPlatforms) = preSolution
		Debug|Any CPU = Debug|Any CPU
		Release|Any CPU = Release|Any CPU
	EndGlobalSection
	GlobalSection(ProjectConfigurationPlatforms) = postSolution
		{27AE8DF9-E83F-44A2-BD13-D9004C49A19F}.Debug|Any CPU.ActiveCfg = Debug|Any CPU
		{27AE8DF9-E83F-44A2-BD13-D9004C49A19F}.Debug|Any CPU.Build.0 = Debug|Any CPU
		{27AE8DF9-E83F-44A2-BD13-D9004C49A19F}.Release|Any CPU.ActiveCfg = Release|Any CPU
		{27AE8DF9-E83F-44A2-BD13-D9004C49A19F}.Release|Any CPU.Build.0 = Release|Any CPU
		{9B32CC47-8D8A-4B7A-AF51-B22033258368}.Debug|Any CPU.ActiveCfg = Debug|Any CPU
		{9B32CC47-8D8A-4B7A-AF51-B22033258368}.Debug|Any CPU.Build.0 = Debug|Any CPU
		{9B32CC47-8D8A-4B7A-AF51-B22033258368}.Release|Any CPU.ActiveCfg = Release|Any CPU
		{9B32CC47-8D8A-4B7A-AF51-B22033258368}.Release|Any CPU.Build.0 = Release|Any CPU
		{BBB03161-5F2A-477B-8D49-EB98433856D6}.Debug|Any CPU.ActiveCfg = Debug|Any CPU
		{BBB03161-5F2A-477B-8D49-EB98433856D6}.Debug|Any CPU.Build.0 = Debug|Any CPU
		{BBB03161-5F2A-477B-8D49-EB98433856D6}.Release|Any CPU.ActiveCfg = Release|Any CPU
		{BBB03161-5F2A-477B-8D49-EB98433856D6}.Release|Any CPU.Build.0 = Release|Any CPU
		{24C3D777-8980-431B-9CE4-BDF41005B55C}.Debug|Any CPU.ActiveCfg = Debug|Any CPU
		{24C3D777-8980-431B-9CE4-BDF41005B55C}.Debug|Any CPU.Build.0 = Debug|Any CPU
		{24C3D777-8980-431B-9CE4-BDF41005B55C}.Release|Any CPU.ActiveCfg = Release|Any CPU
		{24C3D777-8980-431B-9CE4-BDF41005B55C}.Release|Any CPU.Build.0 = Release|Any CPU
		{8AAD6441-419F-4433-894C-FCFC85B0FB5D}.Debug|Any CPU.ActiveCfg = Debug|Any CPU
		{8AAD6441-419F-4433-894C-FCFC85B0FB5D}.Debug|Any CPU.Build.0 = Debug|Any CPU
		{8AAD6441-419F-4433-894C-FCFC85B0FB5D}.Release|Any CPU.ActiveCfg = Release|Any CPU
		{8AAD6441-419F-4433-894C-FCFC85B0FB5D}.Release|Any CPU.Build.0 = Release|Any CPU
		{DAF858D4-3AE6-43B7-B99E-F04DA0D1A76E}.Debug|Any CPU.ActiveCfg = Debug|Any CPU
		{DAF858D4-3AE6-43B7-B99E-F04DA0D1A76E}.Debug|Any CPU.Build.0 = Debug|Any CPU
		{DAF858D4-3AE6-43B7-B99E-F04DA0D1A76E}.Release|Any CPU.ActiveCfg = Release|Any CPU
		{DAF858D4-3AE6-43B7-B99E-F04DA0D1A76E}.Release|Any CPU.Build.0 = Release|Any CPU
	EndGlobalSection
	GlobalSection(SolutionProperties) = preSolution
		HideSolutionNode = FALSE
	EndGlobalSection
EndGlobal
